
Microsoft Visual Studio Solution File, Format Version 12.00
# Visual Studio Version 16
VisualStudioVersion = 16.0.30104.148
MinimumVisualStudioVersion = 10.0.40219.1
Project("{FAE04EC0-301F-11D3-BF4B-00C04F79EFBC}") = "BridgeHub", "BridgeHub\BridgeHub.csproj", "{C13411E1-B3AE-4F01-A0E6-D5C83DAB29EA}"
EndProject
Project("{FAE04EC0-301F-11D3-BF4B-00C04F79EFBC}") = "ColorWheel", "ColorPickerLibrary\ColorWheel\ColorWheel.csproj", "{A9F7F23D-AE72-4FC9-9B55-FCF21F0AE333}"
EndProject
Global
	GlobalSection(SolutionConfigurationPlatforms) = preSolution
		Debug|Any CPU = Debug|Any CPU
		Release|Any CPU = Release|Any CPU
	EndGlobalSection
	GlobalSection(ProjectConfigurationPlatforms) = postSolution
		{C13411E1-B3AE-4F01-A0E6-D5C83DAB29EA}.Debug|Any CPU.ActiveCfg = Debug|Any CPU
		{C13411E1-B3AE-4F01-A0E6-D5C83DAB29EA}.Debug|Any CPU.Build.0 = Debug|Any CPU
		{C13411E1-B3AE-4F01-A0E6-D5C83DAB29EA}.Release|Any CPU.ActiveCfg = Release|Any CPU
		{C13411E1-B3AE-4F01-A0E6-D5C83DAB29EA}.Release|Any CPU.Build.0 = Release|Any CPU
		{A9F7F23D-AE72-4FC9-9B55-FCF21F0AE333}.Debug|Any CPU.ActiveCfg = Debug|Any CPU
		{A9F7F23D-AE72-4FC9-9B55-FCF21F0AE333}.Debug|Any CPU.Build.0 = Debug|Any CPU
		{A9F7F23D-AE72-4FC9-9B55-FCF21F0AE333}.Release|Any CPU.ActiveCfg = Release|Any CPU
		{A9F7F23D-AE72-4FC9-9B55-FCF21F0AE333}.Release|Any CPU.Build.0 = Release|Any CPU
	EndGlobalSection
	GlobalSection(SolutionProperties) = preSolution
		HideSolutionNode = FALSE
	EndGlobalSection
	GlobalSection(ExtensibilityGlobals) = postSolution
		SolutionGuid = {8C5D9B4F-B82C-4F28-97C2-A5F1FD6270B6}
	EndGlobalSection
EndGlobal
